PODS:
  - ConvenientFileManager (2.0.5)
  - CoreDataServices (2.0.2):
    - ConvenientFileManager (~> 2.0)
  - PureLayout (3.0.1)

DEPENDENCIES:
  - CoreDataServices
  - PureLayout

SPEC CHECKSUMS:
  ConvenientFileManager: 0c064c7694fc82bd1b7d51126ac0aaf4cede888c
  CoreDataServices: 2d1a6e5233cf2e37f2d9fe009c2aa63578215c67
  PureLayout: f35f5384c9c4e4479df041dbe33ad7577b71ddfb

COCOAPODS: 0.39.0
