PODS:
  - ConvenientFileManager (4.0.1)
  - SwiftLint (0.18.1)

DEPENDENCIES:
  - ConvenientFileManager (= 4.0.1)
  - SwiftLint (= 0.18.1)

SPEC CHECKSUMS:
  ConvenientFileManager: ac3a9126770ed1df56489de5d2976cb2e5bb1dc5
  SwiftLint: b467d08f5b25dc3b3cfed243d8e1b74b91714c67

PODFILE CHECKSUM: e4aa54c82c33e8652374e374c3c12765a14ca2df

COCOAPODS: 1.3.1
