// !$*UTF8*$!
{
	archiveVersion = 1;
	classes = {
	};
	objectVersion = 46;
	objects = {

/* Begin PBXBuildFile section */
		336CF39D4626613B91467EF5 /* Pods_SwiftExample.framework in Frameworks */ = {isa = PBXBuildFile; fileRef = 67130CF73322EA8B01580B89 /* Pods_SwiftExample.framework */; };
		43DF14981FEACEED00B4A148 /* User+Date.swift in Sources */ = {isa = PBXBuildFile; fileRef = 43DF14971FEACEED00B4A148 /* User+Date.swift */; };
		911BF2491DD693DF0019D01F /* Model.xcdatamodeld in Sources */ = {isa = PBXBuildFile; fileRef = 911BF2471DD693DF0019D01F /* Model.xcdatamodeld */; };
		911D2BAD1DD68C14002CDFA5 /* UsersViewController.swift in Sources */ = {isa = PBXBuildFile; fileRef = 911D2BAA1DD68C14002CDFA5 /* UsersViewController.swift */; };
		911D2BAE1DD68C14002CDFA5 /* UserTableViewCell.swift in Sources */ = {isa = PBXBuildFile; fileRef = 911D2BAC1DD68C14002CDFA5 /* UserTableViewCell.swift */; };
		912D8C941DD6787700215F5A /* SwiftExampleTests.swift in Sources */ = {isa = PBXBuildFile; fileRef = 912D8C931DD6787700215F5A /* SwiftExampleTests.swift */; };
		9140A0A31DD6795A004444D2 /* AppDelegate.swift in Sources */ = {isa = PBXBuildFile; fileRef = 9140A0A11DD6795A004444D2 /* AppDelegate.swift */; };
		9140A0B21DD679CF004444D2 /* Assets.xcassets in Resources */ = {isa = PBXBuildFile; fileRef = 9140A0A71DD679CF004444D2 /* Assets.xcassets */; };
		9140A0B31DD679CF004444D2 /* LaunchScreen.storyboard in Resources */ = {isa = PBXBuildFile; fileRef = 9140A0A91DD679CF004444D2 /* LaunchScreen.storyboard */; };
		9140A0B41DD679CF004444D2 /* Main.storyboard in Resources */ = {isa = PBXBuildFile; fileRef = 9140A0AB1DD679CF004444D2 /* Main.storyboard */; };
/* End PBXBuildFile section */

/* Begin PBXContainerItemProxy section */
		912D8C901DD6787700215F5A /* PBXContainerItemProxy */ = {
			isa = PBXContainerItemProxy;
			containerPortal = 912D8C711DD6787700215F5A /* Project object */;
			proxyType = 1;
			remoteGlobalIDString = 912D8C781DD6787700215F5A;
			remoteInfo = SwiftExample;
		};
/* End PBXContainerItemProxy section */

/* Begin PBXFileReference section */
		1970029BB389F7BC1CBBDA40 /* Pods-SwiftExample.release.xcconfig */ = {isa = PBXFileReference; includeInIndex = 1; lastKnownFileType = text.xcconfig; name = "Pods-SwiftExample.release.xcconfig"; path = "Pods/Target Support Files/Pods-SwiftExample/Pods-SwiftExample.release.xcconfig"; sourceTree = "<group>"; };
		43DF14971FEACEED00B4A148 /* User+Date.swift */ = {isa = PBXFileReference; fileEncoding = 4; lastKnownFileType = sourcecode.swift; path = "User+Date.swift"; sourceTree = "<group>"; };
		67130CF73322EA8B01580B89 /* Pods_SwiftExample.framework */ = {isa = PBXFileReference; explicitFileType = wrapper.framework; includeInIndex = 0; path = Pods_SwiftExample.framework; sourceTree = BUILT_PRODUCTS_DIR; };
		7470AD55523B0A1D2BA72C68 /* Pods-SwiftExample.debug.xcconfig */ = {isa = PBXFileReference; includeInIndex = 1; lastKnownFileType = text.xcconfig; name = "Pods-SwiftExample.debug.xcconfig"; path = "Pods/Target Support Files/Pods-SwiftExample/Pods-SwiftExample.debug.xcconfig"; sourceTree = "<group>"; };
		911BF2481DD693DF0019D01F /* Model.xcdatamodel */ = {isa = PBXFileReference; lastKnownFileType = wrapper.xcdatamodel; path = Model.xcdatamodel; sourceTree = "<group>"; };
		911D2BAA1DD68C14002CDFA5 /* UsersViewController.swift */ = {isa = PBXFileReference; fileEncoding = 4; lastKnownFileType = sourcecode.swift; path = UsersViewController.swift; sourceTree = "<group>"; };
		911D2BAC1DD68C14002CDFA5 /* UserTableViewCell.swift */ = {isa = PBXFileReference; fileEncoding = 4; lastKnownFileType = sourcecode.swift; path = UserTableViewCell.swift; sourceTree = "<group>"; };
		912D8C791DD6787700215F5A /* SwiftExample.app */ = {isa = PBXFileReference; explicitFileType = wrapper.application; includeInIndex = 0; path = SwiftExample.app; sourceTree = BUILT_PRODUCTS_DIR; };
		912D8C8F1DD6787700215F5A /* SwiftExampleTests.xctest */ = {isa = PBXFileReference; explicitFileType = wrapper.cfbundle; includeInIndex = 0; path = SwiftExampleTests.xctest; sourceTree = BUILT_PRODUCTS_DIR; };
		912D8C931DD6787700215F5A /* SwiftExampleTests.swift */ = {isa = PBXFileReference; lastKnownFileType = sourcecode.swift; path = SwiftExampleTests.swift; sourceTree = "<group>"; };
		912D8C951DD6787700215F5A /* Info.plist */ = {isa = PBXFileReference; lastKnownFileType = text.plist.xml; path = Info.plist; sourceTree = "<group>"; };
		9140A0A11DD6795A004444D2 /* AppDelegate.swift */ = {isa = PBXFileReference; fileEncoding = 4; lastKnownFileType = sourcecode.swift; path = AppDelegate.swift; sourceTree = "<group>"; };
		9140A0A21DD6795A004444D2 /* Info.plist */ = {isa = PBXFileReference; fileEncoding = 4; lastKnownFileType = text.plist.xml; path = Info.plist; sourceTree = "<group>"; };
		9140A0A71DD679CF004444D2 /* Assets.xcassets */ = {isa = PBXFileReference; lastKnownFileType = folder.assetcatalog; path = Assets.xcassets; sourceTree = "<group>"; };
		9140A0AA1DD679CF004444D2 /* Base */ = {isa = PBXFileReference; lastKnownFileType = file.storyboard; name = Base; path = Base.lproj/LaunchScreen.storyboard; sourceTree = "<group>"; };
		9140A0AC1DD679CF004444D2 /* Base */ = {isa = PBXFileReference; lastKnownFileType = file.storyboard; name = Base; path = Base.lproj/Main.storyboard; sourceTree = "<group>"; };
/* End PBXFileReference section */

/* Begin PBXFrameworksBuildPhase section */
		912D8C761DD6787700215F5A /* Frameworks */ = {
			isa = PBXFrameworksBuildPhase;
			buildActionMask = 2147483647;
			files = (
				336CF39D4626613B91467EF5 /* Pods_SwiftExample.framework in Frameworks */,
			);
			runOnlyForDeploymentPostprocessing = 0;
		};
		912D8C8C1DD6787700215F5A /* Frameworks */ = {
			isa = PBXFrameworksBuildPhase;
			buildActionMask = 2147483647;
			files = (
			);
			runOnlyForDeploymentPostprocessing = 0;
		};
/* End PBXFrameworksBuildPhase section */

/* Begin PBXGroup section */
		1DAEC4FB25F24A0C019C02C7 /* Frameworks */ = {
			isa = PBXGroup;
			children = (
				67130CF73322EA8B01580B89 /* Pods_SwiftExample.framework */,
			);
			name = Frameworks;
			sourceTree = "<group>";
		};
		43DF14961FEACEED00B4A148 /* Extensions */ = {
			isa = PBXGroup;
			children = (
				43DF14971FEACEED00B4A148 /* User+Date.swift */,
			);
			path = Extensions;
			sourceTree = "<group>";
		};
		911D2BA91DD68C14002CDFA5 /* Users */ = {
			isa = PBXGroup;
			children = (
				911D2BAA1DD68C14002CDFA5 /* UsersViewController.swift */,
				911D2BAB1DD68C14002CDFA5 /* Cells */,
			);
			path = Users;
			sourceTree = "<group>";
		};
		911D2BAB1DD68C14002CDFA5 /* Cells */ = {
			isa = PBXGroup;
			children = (
				911D2BAC1DD68C14002CDFA5 /* UserTableViewCell.swift */,
			);
			path = Cells;
			sourceTree = "<group>";
		};
		912D8C701DD6787700215F5A = {
			isa = PBXGroup;
			children = (
				912D8C7B1DD6787700215F5A /* SwiftExample */,
				912D8C921DD6787700215F5A /* SwiftExampleTests */,
				912D8C7A1DD6787700215F5A /* Products */,
				BF58012E7F6D19F37AEC61C6 /* Pods */,
				1DAEC4FB25F24A0C019C02C7 /* Frameworks */,
			);
			sourceTree = "<group>";
		};
		912D8C7A1DD6787700215F5A /* Products */ = {
			isa = PBXGroup;
			children = (
				912D8C791DD6787700215F5A /* SwiftExample.app */,
				912D8C8F1DD6787700215F5A /* SwiftExampleTests.xctest */,
			);
			name = Products;
			sourceTree = "<group>";
		};
		912D8C7B1DD6787700215F5A /* SwiftExample */ = {
			isa = PBXGroup;
			children = (
				9140A0A01DD6795A004444D2 /* Application */,
				9140A0B71DD6852B004444D2 /* Model */,
				9140A0A51DD679CF004444D2 /* Resources */,
				9140A0AD1DD679CF004444D2 /* Stories */,
			);
			path = SwiftExample;
			sourceTree = "<group>";
		};
		912D8C921DD6787700215F5A /* SwiftExampleTests */ = {
			isa = PBXGroup;
			children = (
				912D8C931DD6787700215F5A /* SwiftExampleTests.swift */,
				912D8C951DD6787700215F5A /* Info.plist */,
			);
			path = SwiftExampleTests;
			sourceTree = "<group>";
		};
		9140A0A01DD6795A004444D2 /* Application */ = {
			isa = PBXGroup;
			children = (
				9140A0A11DD6795A004444D2 /* AppDelegate.swift */,
				9140A0A21DD6795A004444D2 /* Info.plist */,
			);
			path = Application;
			sourceTree = "<group>";
		};
		9140A0A51DD679CF004444D2 /* Resources */ = {
			isa = PBXGroup;
			children = (
				9140A0A61DD679CF004444D2 /* Images */,
				9140A0A81DD679CF004444D2 /* Storyboards */,
			);
			path = Resources;
			sourceTree = "<group>";
		};
		9140A0A61DD679CF004444D2 /* Images */ = {
			isa = PBXGroup;
			children = (
				9140A0A71DD679CF004444D2 /* Assets.xcassets */,
			);
			path = Images;
			sourceTree = "<group>";
		};
		9140A0A81DD679CF004444D2 /* Storyboards */ = {
			isa = PBXGroup;
			children = (
				9140A0A91DD679CF004444D2 /* LaunchScreen.storyboard */,
				9140A0AB1DD679CF004444D2 /* Main.storyboard */,
			);
			path = Storyboards;
			sourceTree = "<group>";
		};
		9140A0AD1DD679CF004444D2 /* Stories */ = {
			isa = PBXGroup;
			children = (
				911D2BA91DD68C14002CDFA5 /* Users */,
			);
			path = Stories;
			sourceTree = "<group>";
		};
		9140A0B71DD6852B004444D2 /* Model */ = {
			isa = PBXGroup;
			children = (
				43DF14961FEACEED00B4A148 /* Extensions */,
				911BF2471DD693DF0019D01F /* Model.xcdatamodeld */,
			);
			path = Model;
			sourceTree = "<group>";
		};
		BF58012E7F6D19F37AEC61C6 /* Pods */ = {
			isa = PBXGroup;
			children = (
				7470AD55523B0A1D2BA72C68 /* Pods-SwiftExample.debug.xcconfig */,
				1970029BB389F7BC1CBBDA40 /* Pods-SwiftExample.release.xcconfig */,
			);
			name = Pods;
			sourceTree = "<group>";
		};
/* End PBXGroup section */

/* Begin PBXNativeTarget section */
		912D8C781DD6787700215F5A /* SwiftExample */ = {
			isa = PBXNativeTarget;
			buildConfigurationList = 912D8C981DD6787700215F5A /* Build configuration list for PBXNativeTarget "SwiftExample" */;
			buildPhases = (
				AE6EEBC3F34831D03D1C9197 /* [CP] Check Pods Manifest.lock */,
				912D8C751DD6787700215F5A /* Sources */,
				912D8C761DD6787700215F5A /* Frameworks */,
				912D8C771DD6787700215F5A /* Resources */,
				831CE12B0BE1B7EFCEA8FABA /* [CP] Embed Pods Frameworks */,
				DD3BAEFDCBFEA725D999CEAF /* [CP] Copy Pods Resources */,
			);
			buildRules = (
			);
			dependencies = (
			);
			name = SwiftExample;
			productName = SwiftExample;
			productReference = 912D8C791DD6787700215F5A /* SwiftExample.app */;
			productType = "com.apple.product-type.application";
		};
		912D8C8E1DD6787700215F5A /* SwiftExampleTests */ = {
			isa = PBXNativeTarget;
			buildConfigurationList = 912D8C9B1DD6787700215F5A /* Build configuration list for PBXNativeTarget "SwiftExampleTests" */;
			buildPhases = (
				912D8C8B1DD6787700215F5A /* Sources */,
				912D8C8C1DD6787700215F5A /* Frameworks */,
				912D8C8D1DD6787700215F5A /* Resources */,
			);
			buildRules = (
			);
			dependencies = (
				912D8C911DD6787700215F5A /* PBXTargetDependency */,
			);
			name = SwiftExampleTests;
			productName = SwiftExampleTests;
			productReference = 912D8C8F1DD6787700215F5A /* SwiftExampleTests.xctest */;
			productType = "com.apple.product-type.bundle.unit-test";
		};
/* End PBXNativeTarget section */

/* Begin PBXProject section */
		912D8C711DD6787700215F5A /* Project object */ = {
			isa = PBXProject;
			attributes = {
				LastSwiftUpdateCheck = 0810;
				LastUpgradeCheck = 0920;
				ORGANIZATIONNAME = Boles;
				TargetAttributes = {
					912D8C781DD6787700215F5A = {
						CreatedOnToolsVersion = 8.1;
						LastSwiftMigration = 0920;
						ProvisioningStyle = Automatic;
					};
					912D8C8E1DD6787700215F5A = {
						CreatedOnToolsVersion = 8.1;
						LastSwiftMigration = 0920;
						ProvisioningStyle = Automatic;
						TestTargetID = 912D8C781DD6787700215F5A;
					};
				};
			};
			buildConfigurationList = 912D8C741DD6787700215F5A /* Build configuration list for PBXProject "SwiftExample" */;
			compatibilityVersion = "Xcode 3.2";
			developmentRegion = English;
			hasScannedForEncodings = 0;
			knownRegions = (
				en,
				Base,
			);
			mainGroup = 912D8C701DD6787700215F5A;
			productRefGroup = 912D8C7A1DD6787700215F5A /* Products */;
			projectDirPath = "";
			projectRoot = "";
			targets = (
				912D8C781DD6787700215F5A /* SwiftExample */,
				912D8C8E1DD6787700215F5A /* SwiftExampleTests */,
			);
		};
/* End PBXProject section */

/* Begin PBXResourcesBuildPhase section */
		912D8C771DD6787700215F5A /* Resources */ = {
			isa = PBXResourcesBuildPhase;
			buildActionMask = 2147483647;
			files = (
				9140A0B41DD679CF004444D2 /* Main.storyboard in Resources */,
				9140A0B21DD679CF004444D2 /* Assets.xcassets in Resources */,
				9140A0B31DD679CF004444D2 /* LaunchScreen.storyboard in Resources */,
			);
			runOnlyForDeploymentPostprocessing = 0;
		};
		912D8C8D1DD6787700215F5A /* Resources */ = {
			isa = PBXResourcesBuildPhase;
			buildActionMask = 2147483647;
			files = (
			);
			runOnlyForDeploymentPostprocessing = 0;
		};
/* End PBXResourcesBuildPhase section */

/* Begin PBXShellScriptBuildPhase section */
		831CE12B0BE1B7EFCEA8FABA /* [CP] Embed Pods Frameworks */ = {
			isa = PBXShellScriptBuildPhase;
			buildActionMask = 2147483647;
			files = (
			);
			inputPaths = (
				"${SRCROOT}/Pods/Target Support Files/Pods-SwiftExample/Pods-SwiftExample-frameworks.sh",
				"${BUILT_PRODUCTS_DIR}/CoreDataServices/CoreDataServices.framework",
			);
			name = "[CP] Embed Pods Frameworks";
			outputPaths = (
				"${TARGET_BUILD_DIR}/${FRAMEWORKS_FOLDER_PATH}/CoreDataServices.framework",
			);
			runOnlyForDeploymentPostprocessing = 0;
			shellPath = /bin/sh;
			shellScript = "\"${SRCROOT}/Pods/Target Support Files/Pods-SwiftExample/Pods-SwiftExample-frameworks.sh\"\n";
			showEnvVarsInLog = 0;
		};
		AE6EEBC3F34831D03D1C9197 /* [CP] Check Pods Manifest.lock */ = {
			isa = PBXShellScriptBuildPhase;
			buildActionMask = 2147483647;
			files = (
			);
			inputPaths = (
				"${PODS_PODFILE_DIR_PATH}/Podfile.lock",
				"${PODS_ROOT}/Manifest.lock",
			);
			name = "[CP] Check Pods Manifest.lock";
			outputPaths = (
				"$(DERIVED_FILE_DIR)/Pods-SwiftExample-checkManifestLockResult.txt",
			);
			runOnlyForDeploymentPostprocessing = 0;
			shellPath = /bin/sh;
			shellScript = "diff \"${PODS_PODFILE_DIR_PATH}/Podfile.lock\" \"${PODS_ROOT}/Manifest.lock\" > /dev/null\nif [ $? != 0 ] ; then\n    # print error to STDERR\n    echo \"error: The sandbox is not in sync with the Podfile.lock. Run 'pod install' or update your CocoaPods installation.\" >&2\n    exit 1\nfi\n# This output is used by Xcode 'outputs' to avoid re-running this script phase.\necho \"SUCCESS\" > \"${SCRIPT_OUTPUT_FILE_0}\"\n";
			showEnvVarsInLog = 0;
		};
		DD3BAEFDCBFEA725D999CEAF /* [CP] Copy Pods Resources */ = {
			isa = PBXShellScriptBuildPhase;
			buildActionMask = 2147483647;
			files = (
			);
			inputPaths = (
			);
			name = "[CP] Copy Pods Resources";
			outputPaths = (
			);
			runOnlyForDeploymentPostprocessing = 0;
			shellPath = /bin/sh;
			shellScript = "\"${SRCROOT}/Pods/Target Support Files/Pods-SwiftExample/Pods-SwiftExample-resources.sh\"\n";
			showEnvVarsInLog = 0;
		};
/* End PBXShellScriptBuildPhase section */

/* Begin PBXSourcesBuildPhase section */
		912D8C751DD6787700215F5A /* Sources */ = {
			isa = PBXSourcesBuildPhase;
			buildActionMask = 2147483647;
			files = (
				43DF14981FEACEED00B4A148 /* User+Date.swift in Sources */,
				911D2BAD1DD68C14002CDFA5 /* UsersViewController.swift in Sources */,
				911D2BAE1DD68C14002CDFA5 /* UserTableViewCell.swift in Sources */,
				9140A0A31DD6795A004444D2 /* AppDelegate.swift in Sources */,
				911BF2491DD693DF0019D01F /* Model.xcdatamodeld in Sources */,
			);
			runOnlyForDeploymentPostprocessing = 0;
		};
		912D8C8B1DD6787700215F5A /* Sources */ = {
			isa = PBXSourcesBuildPhase;
			buildActionMask = 2147483647;
			files = (
				912D8C941DD6787700215F5A /* SwiftExampleTests.swift in Sources */,
			);
			runOnlyForDeploymentPostprocessing = 0;
		};
/* End PBXSourcesBuildPhase section */

/* Begin PBXTargetDependency section */
		912D8C911DD6787700215F5A /* PBXTargetDependency */ = {
			isa = PBXTargetDependency;
			target = 912D8C781DD6787700215F5A /* SwiftExample */;
			targetProxy = 912D8C901DD6787700215F5A /* PBXContainerItemProxy */;
		};
/* End PBXTargetDependency section */

/* Begin PBXVariantGroup section */
		9140A0A91DD679CF004444D2 /* LaunchScreen.storyboard */ = {
			isa = PBXVariantGroup;
			children = (
				9140A0AA1DD679CF004444D2 /* Base */,
			);
			name = LaunchScreen.storyboard;
			sourceTree = "<group>";
		};
		9140A0AB1DD679CF004444D2 /* Main.storyboard */ = {
			isa = PBXVariantGroup;
			children = (
				9140A0AC1DD679CF004444D2 /* Base */,
			);
			name = Main.storyboard;
			sourceTree = "<group>";
		};
/* End PBXVariantGroup section */

/* Begin XCBuildConfiguration section */
		912D8C961DD6787700215F5A /* Debug */ = {
			isa = XCBuildConfiguration;
			buildSettings = {
				ALWAYS_SEARCH_USER_PATHS = NO;
				CLANG_ANALYZER_NONNULL = YES;
				CLANG_CXX_LANGUAGE_STANDARD = "gnu++0x";
				CLANG_CXX_LIBRARY = "libc++";
				CLANG_ENABLE_MODULES = YES;
				CLANG_ENABLE_OBJC_ARC = YES;
				CLANG_WARN_BLOCK_CAPTURE_AUTORELEASING = YES;
				CLANG_WARN_BOOL_CONVERSION = YES;
				CLANG_WARN_COMMA = YES;
				CLANG_WARN_CONSTANT_CONVERSION = YES;
				CLANG_WARN_DIRECT_OBJC_ISA_USAGE = YES_ERROR;
				CLANG_WARN_DOCUMENTATION_COMMENTS = YES;
				CLANG_WARN_EMPTY_BODY = YES;
				CLANG_WARN_ENUM_CONVERSION = YES;
				CLANG_WARN_INFINITE_RECURSION = YES;
				CLANG_WARN_INT_CONVERSION = YES;
				CLANG_WARN_NON_LITERAL_NULL_CONVERSION = YES;
				CLANG_WARN_OBJC_LITERAL_CONVERSION = YES;
				CLANG_WARN_OBJC_ROOT_CLASS = YES_ERROR;
				CLANG_WARN_RANGE_LOOP_ANALYSIS = YES;
				CLANG_WARN_STRICT_PROTOTYPES = YES;
				CLANG_WARN_SUSPICIOUS_MOVE = YES;
				CLANG_WARN_SUSPICIOUS_MOVES = YES;
				CLANG_WARN_UNREACHABLE_CODE = YES;
				CLANG_WARN__DUPLICATE_METHOD_MATCH = YES;
				"CODE_SIGN_IDENTITY[sdk=iphoneos*]" = "iPhone Developer";
				COPY_PHASE_STRIP = NO;
				DEBUG_INFORMATION_FORMAT = dwarf;
				ENABLE_STRICT_OBJC_MSGSEND = YES;
				ENABLE_TESTABILITY = YES;
				GCC_C_LANGUAGE_STANDARD = gnu99;
				GCC_DYNAMIC_NO_PIC = NO;
				GCC_NO_COMMON_BLOCKS = YES;
				GCC_OPTIMIZATION_LEVEL = 0;
				GCC_PREPROCESSOR_DEFINITIONS = (
					"DEBUG=1",
					"$(inherited)",
				);
				GCC_WARN_64_TO_32_BIT_CONVERSION = YES;
				GCC_WARN_ABOUT_RETURN_TYPE = YES_ERROR;
				GCC_WARN_UNDECLARED_SELECTOR = YES;
				GCC_WARN_UNINITIALIZED_AUTOS = YES_AGGRESSIVE;
				GCC_WARN_UNUSED_FUNCTION = YES;
				GCC_WARN_UNUSED_VARIABLE = YES;
				IPHONEOS_DEPLOYMENT_TARGET = 10.1;
				MTL_ENABLE_DEBUG_INFO = YES;
				ONLY_ACTIVE_ARCH = YES;
				SDKROOT = iphoneos;
				SWIFT_ACTIVE_COMPILATION_CONDITIONS = DEBUG;
				SWIFT_OPTIMIZATION_LEVEL = "-Onone";
			};
			name = Debug;
		};
		912D8C971DD6787700215F5A /* Release */ = {
			isa = XCBuildConfiguration;
			buildSettings = {
				ALWAYS_SEARCH_USER_PATHS = NO;
				CLANG_ANALYZER_NONNULL = YES;
				CLANG_CXX_LANGUAGE_STANDARD = "gnu++0x";
				CLANG_CXX_LIBRARY = "libc++";
				CLANG_ENABLE_MODULES = YES;
				CLANG_ENABLE_OBJC_ARC = YES;
				CLANG_WARN_BLOCK_CAPTURE_AUTORELEASING = YES;
				CLANG_WARN_BOOL_CONVERSION = YES;
				CLANG_WARN_COMMA = YES;
				CLANG_WARN_CONSTANT_CONVERSION = YES;
				CLANG_WARN_DIRECT_OBJC_ISA_USAGE = YES_ERROR;
				CLANG_WARN_DOCUMENTATION_COMMENTS = YES;
				CLANG_WARN_EMPTY_BODY = YES;
				CLANG_WARN_ENUM_CONVERSION = YES;
				CLANG_WARN_INFINITE_RECURSION = YES;
				CLANG_WARN_INT_CONVERSION = YES;
				CLANG_WARN_NON_LITERAL_NULL_CONVERSION = YES;
				CLANG_WARN_OBJC_LITERAL_CONVERSION = YES;
				CLANG_WARN_OBJC_ROOT_CLASS = YES_ERROR;
				CLANG_WARN_RANGE_LOOP_ANALYSIS = YES;
				CLANG_WARN_STRICT_PROTOTYPES = YES;
				CLANG_WARN_SUSPICIOUS_MOVE = YES;
				CLANG_WARN_SUSPICIOUS_MOVES = YES;
				CLANG_WARN_UNREACHABLE_CODE = YES;
				CLANG_WARN__DUPLICATE_METHOD_MATCH = YES;
				"CODE_SIGN_IDENTITY[sdk=iphoneos*]" = "iPhone Developer";
				COPY_PHASE_STRIP = NO;
				DEBUG_INFORMATION_FORMAT = "dwarf-with-dsym";
				ENABLE_NS_ASSERTIONS = NO;
				ENABLE_STRICT_OBJC_MSGSEND = YES;
				GCC_C_LANGUAGE_STANDARD = gnu99;
				GCC_NO_COMMON_BLOCKS = YES;
				GCC_WARN_64_TO_32_BIT_CONVERSION = YES;
				GCC_WARN_ABOUT_RETURN_TYPE = YES_ERROR;
				GCC_WARN_UNDECLARED_SELECTOR = YES;
				GCC_WARN_UNINITIALIZED_AUTOS = YES_AGGRESSIVE;
				GCC_WARN_UNUSED_FUNCTION = YES;
				GCC_WARN_UNUSED_VARIABLE = YES;
				IPHONEOS_DEPLOYMENT_TARGET = 10.1;
				MTL_ENABLE_DEBUG_INFO = NO;
				SDKROOT = iphoneos;
				SWIFT_OPTIMIZATION_LEVEL = "-Owholemodule";
				VALIDATE_PRODUCT = YES;
			};
			name = Release;
		};
		912D8C991DD6787700215F5A /* Debug */ = {
			isa = XCBuildConfiguration;
			baseConfigurationReference = 7470AD55523B0A1D2BA72C68 /* Pods-SwiftExample.debug.xcconfig */;
			buildSettings = {
				ALWAYS_EMBED_SWIFT_STANDARD_LIBRARIES = YES;
				ASSETCATALOG_COMPILER_APPICON_NAME = AppIcon;
				INFOPLIST_FILE = SwiftExample/Application/Info.plist;
				LD_RUNPATH_SEARCH_PATHS = "$(inherited) @executable_path/Frameworks";
				PRODUCT_BUNDLE_IDENTIFIER = com.williamboles.coredataservices.SwiftExample.SwiftExample;
				PRODUCT_NAME = "$(TARGET_NAME)";
				SWIFT_SWIFT3_OBJC_INFERENCE = On;
				SWIFT_VERSION = 4.0;
			};
			name = Debug;
		};
		912D8C9A1DD6787700215F5A /* Release */ = {
			isa = XCBuildConfiguration;
			baseConfigurationReference = 1970029BB389F7BC1CBBDA40 /* Pods-SwiftExample.release.xcconfig */;
			buildSettings = {
				ALWAYS_EMBED_SWIFT_STANDARD_LIBRARIES = YES;
				ASSETCATALOG_COMPILER_APPICON_NAME = AppIcon;
				INFOPLIST_FILE = SwiftExample/Application/Info.plist;
				LD_RUNPATH_SEARCH_PATHS = "$(inherited) @executable_path/Frameworks";
				PRODUCT_BUNDLE_IDENTIFIER = com.williamboles.coredataservices.SwiftExample.SwiftExample;
				PRODUCT_NAME = "$(TARGET_NAME)";
				SWIFT_SWIFT3_OBJC_INFERENCE = On;
				SWIFT_VERSION = 4.0;
			};
			name = Release;
		};
		912D8C9C1DD6787700215F5A /* Debug */ = {
			isa = XCBuildConfiguration;
			buildSettings = {
				ALWAYS_EMBED_SWIFT_STANDARD_LIBRARIES = YES;
				BUNDLE_LOADER = "$(TEST_HOST)";
				INFOPLIST_FILE = SwiftExampleTests/Info.plist;
				LD_RUNPATH_SEARCH_PATHS = "$(inherited) @executable_path/Frameworks @loader_path/Frameworks";
				PRODUCT_BUNDLE_IDENTIFIER = com.williamboles.coredataservices.SwiftExample.SwiftExampleTests;
				PRODUCT_NAME = "$(TARGET_NAME)";
				SWIFT_SWIFT3_OBJC_INFERENCE = On;
				SWIFT_VERSION = 4.0;
				TEST_HOST = "$(BUILT_PRODUCTS_DIR)/SwiftExample.app/SwiftExample";
			};
			name = Debug;
		};
		912D8C9D1DD6787700215F5A /* Release */ = {
			isa = XCBuildConfiguration;
			buildSettings = {
				ALWAYS_EMBED_SWIFT_STANDARD_LIBRARIES = YES;
				BUNDLE_LOADER = "$(TEST_HOST)";
				INFOPLIST_FILE = SwiftExampleTests/Info.plist;
				LD_RUNPATH_SEARCH_PATHS = "$(inherited) @executable_path/Frameworks @loader_path/Frameworks";
				PRODUCT_BUNDLE_IDENTIFIER = com.williamboles.coredataservices.SwiftExample.SwiftExampleTests;
				PRODUCT_NAME = "$(TARGET_NAME)";
				SWIFT_SWIFT3_OBJC_INFERENCE = On;
				SWIFT_VERSION = 4.0;
				TEST_HOST = "$(BUILT_PRODUCTS_DIR)/SwiftExample.app/SwiftExample";
			};
			name = Release;
		};
/* End XCBuildConfiguration section */

/* Begin XCConfigurationList section */
		912D8C741DD6787700215F5A /* Build configuration list for PBXProject "SwiftExample" */ = {
			isa = XCConfigurationList;
			buildConfigurations = (
				912D8C961DD6787700215F5A /* Debug */,
				912D8C971DD6787700215F5A /* Release */,
			);
			defaultConfigurationIsVisible = 0;
			defaultConfigurationName = Release;
		};
		912D8C981DD6787700215F5A /* Build configuration list for PBXNativeTarget "SwiftExample" */ = {
			isa = XCConfigurationList;
			buildConfigurations = (
				912D8C991DD6787700215F5A /* Debug */,
				912D8C9A1DD6787700215F5A /* Release */,
			);
			defaultConfigurationIsVisible = 0;
			defaultConfigurationName = Release;
		};
		912D8C9B1DD6787700215F5A /* Build configuration list for PBXNativeTarget "SwiftExampleTests" */ = {
			isa = XCConfigurationList;
			buildConfigurations = (
				912D8C9C1DD6787700215F5A /* Debug */,
				912D8C9D1DD6787700215F5A /* Release */,
			);
			defaultConfigurationIsVisible = 0;
			defaultConfigurationName = Release;
		};
/* End XCConfigurationList section */

/* Begin XCVersionGroup section */
		911BF2471DD693DF0019D01F /* Model.xcdatamodeld */ = {
			isa = XCVersionGroup;
			children = (
				911BF2481DD693DF0019D01F /* Model.xcdatamodel */,
			);
			currentVersion = 911BF2481DD693DF0019D01F /* Model.xcdatamodel */;
			path = Model.xcdatamodeld;
			sourceTree = "<group>";
			versionGroupType = wrapper.xcdatamodel;
		};
/* End XCVersionGroup section */
	};
	rootObject = 912D8C711DD6787700215F5A /* Project object */;
}
