PODS:
  - CoreDataServices (4.0.0)

DEPENDENCIES:
  - CoreDataServices (from `https://github.com/wibosco/CoreDataServices`)

EXTERNAL SOURCES:
  CoreDataServices:
    :git: https://github.com/wibosco/CoreDataServices

CHECKOUT OPTIONS:
  CoreDataServices:
    :commit: 8009afa26a78e56c5d0b274b511a28dbde0d753f
    :git: https://github.com/wibosco/CoreDataServices

SPEC CHECKSUMS:
  CoreDataServices: c257c02106965469372524067620d0f038f0957f

PODFILE CHECKSUM: 57f074d0ca8c3406b1ca463f2856e7941d01881e

COCOAPODS: 1.3.1
