PODS:
  - ConvenientFileManager (2.0.8)
  - CoreDataServices (2.1.0):
    - ConvenientFileManager (~> 2.0)
  - PureLayout (3.0.2)

DEPENDENCIES:
  - CoreDataServices (= 2.1.0)
  - PureLayout

SPEC CHECKSUMS:
  ConvenientFileManager: f69cef84cf02f132a2b78076ac45982c048474e5
  CoreDataServices: 15c01d114cd4d753ee7d3fd27bf1662949991490
  PureLayout: 4d550abe49a94f24c2808b9b95db9131685fe4cd

PODFILE CHECKSUM: 8dd0a170a43301ce999d1f2dd2dd049bc02f2bc7

COCOAPODS: 1.1.1
