// !$*UTF8*$!
{
	archiveVersion = 1;
	classes = {
	};
	objectVersion = 46;
	objects = {

/* Begin PBXBuildFile section */
		438B0E021CAD66AE005F7AA9 /* CoreDataServices.h in Headers */ = {isa = PBXBuildFile; fileRef = 438B0E011CAD66AE005F7AA9 /* CoreDataServices.h */; settings = {ATTRIBUTES = (Public, ); }; };
		438B0E091CAD66AE005F7AA9 /* CoreDataServices.framework in Frameworks */ = {isa = PBXBuildFile; fileRef = 438B0DFE1CAD66AE005F7AA9 /* CoreDataServices.framework */; };
		438B0E1B1CAD66EA005F7AA9 /* ServiceManager.swift in Sources */ = {isa = PBXBuildFile; fileRef = 438B0E1A1CAD66EA005F7AA9 /* ServiceManager.swift */; };
		438B0E1C1CAD66EA005F7AA9 /* ServiceManager.swift in Sources */ = {isa = PBXBuildFile; fileRef = 438B0E1A1CAD66EA005F7AA9 /* ServiceManager.swift */; };
		43B3B7881F091E980091232D /* NSManagedObjectContext+Save.swift in Sources */ = {isa = PBXBuildFile; fileRef = 43B3B7871F091E980091232D /* NSManagedObjectContext+Save.swift */; };
		43B3B78C1F0976E40091232D /* NSManagedObjectContext+Save.swift in Sources */ = {isa = PBXBuildFile; fileRef = 43B3B7871F091E980091232D /* NSManagedObjectContext+Save.swift */; };
		43BD3C6C1CAE70410026ADD5 /* NSEntityDescription+EntityDescription.swift in Sources */ = {isa = PBXBuildFile; fileRef = 43BD3C6A1CAE70410026ADD5 /* NSEntityDescription+EntityDescription.swift */; };
		43BD3C6D1CAE70410026ADD5 /* NSEntityDescription+EntityDescription.swift in Sources */ = {isa = PBXBuildFile; fileRef = 43BD3C6A1CAE70410026ADD5 /* NSEntityDescription+EntityDescription.swift */; };
		43BD3C6F1CAE70540026ADD5 /* NSFetchRequest+FetchRequest.swift in Sources */ = {isa = PBXBuildFile; fileRef = 43BD3C6E1CAE70540026ADD5 /* NSFetchRequest+FetchRequest.swift */; };
		43BD3C701CAE70540026ADD5 /* NSFetchRequest+FetchRequest.swift in Sources */ = {isa = PBXBuildFile; fileRef = 43BD3C6E1CAE70540026ADD5 /* NSFetchRequest+FetchRequest.swift */; };
		43BD3C731CAE72810026ADD5 /* NSManagedObjectContext+Count.swift in Sources */ = {isa = PBXBuildFile; fileRef = 43BD3C721CAE72810026ADD5 /* NSManagedObjectContext+Count.swift */; };
		43BD3C741CAE72810026ADD5 /* NSManagedObjectContext+Count.swift in Sources */ = {isa = PBXBuildFile; fileRef = 43BD3C721CAE72810026ADD5 /* NSManagedObjectContext+Count.swift */; };
		43BD3C781CAE75A80026ADD5 /* NSManagedObjectContext+Delete.swift in Sources */ = {isa = PBXBuildFile; fileRef = 43BD3C771CAE75A80026ADD5 /* NSManagedObjectContext+Delete.swift */; };
		43BD3C791CAE75A80026ADD5 /* NSManagedObjectContext+Delete.swift in Sources */ = {isa = PBXBuildFile; fileRef = 43BD3C771CAE75A80026ADD5 /* NSManagedObjectContext+Delete.swift */; };
		43BD3C7C1CAE78C90026ADD5 /* NSManagedObjectContext+Retrieval.swift in Sources */ = {isa = PBXBuildFile; fileRef = 43BD3C7B1CAE78C90026ADD5 /* NSManagedObjectContext+Retrieval.swift */; };
		43BD3C7D1CAE78C90026ADD5 /* NSManagedObjectContext+Retrieval.swift in Sources */ = {isa = PBXBuildFile; fileRef = 43BD3C7B1CAE78C90026ADD5 /* NSManagedObjectContext+Retrieval.swift */; };
		43BD3C801CAE85D10026ADD5 /* ServiceManagerTests.swift in Sources */ = {isa = PBXBuildFile; fileRef = 43BD3C7F1CAE85D10026ADD5 /* ServiceManagerTests.swift */; };
		43BD3C851CAE88770026ADD5 /* Model.xcdatamodeld in Sources */ = {isa = PBXBuildFile; fileRef = 43BD3C831CAE88770026ADD5 /* Model.xcdatamodeld */; };
		43BD3C8F1CAEB6540026ADD5 /* NSEntityDescription+EntityDescriptionTests.swift in Sources */ = {isa = PBXBuildFile; fileRef = 43BD3C8E1CAEB6540026ADD5 /* NSEntityDescription+EntityDescriptionTests.swift */; };
		43BD3C931CAEB7C40026ADD5 /* Test.swift in Sources */ = {isa = PBXBuildFile; fileRef = 43BD3C911CAEB7C40026ADD5 /* Test.swift */; };
		43BD3C961CAEBAAA0026ADD5 /* NSFetchRequest+FetchRequestTests.swift in Sources */ = {isa = PBXBuildFile; fileRef = 43BD3C951CAEBAAA0026ADD5 /* NSFetchRequest+FetchRequestTests.swift */; };
		43BD3C991CAEBC3E0026ADD5 /* NSManagedObjectContext+CountTests.swift in Sources */ = {isa = PBXBuildFile; fileRef = 43BD3C981CAEBC3E0026ADD5 /* NSManagedObjectContext+CountTests.swift */; };
		43BD3C9C1CAEBF420026ADD5 /* NSManagedObjectContext+DeleteTests.swift in Sources */ = {isa = PBXBuildFile; fileRef = 43BD3C9B1CAEBF420026ADD5 /* NSManagedObjectContext+DeleteTests.swift */; };
		43BD3C9F1CAEC20B0026ADD5 /* NSManagedObjectContext+RetrievalTests.swift in Sources */ = {isa = PBXBuildFile; fileRef = 43BD3C9E1CAEC20B0026ADD5 /* NSManagedObjectContext+RetrievalTests.swift */; };
		43BD3CA21CAEC5FB0026ADD5 /* AdditionalTest+CoreDataProperties.swift in Sources */ = {isa = PBXBuildFile; fileRef = 43BD3CA01CAEC5FB0026ADD5 /* AdditionalTest+CoreDataProperties.swift */; };
		43BD3CA31CAEC5FB0026ADD5 /* AdditionalTest.swift in Sources */ = {isa = PBXBuildFile; fileRef = 43BD3CA11CAEC5FB0026ADD5 /* AdditionalTest.swift */; };
		43BD3CA51CAECB290026ADD5 /* Test+CoreDataProperties.swift in Sources */ = {isa = PBXBuildFile; fileRef = 43BD3CA41CAECB290026ADD5 /* Test+CoreDataProperties.swift */; };
		43C7C39D1F167498006399BD /* NSManagedObjectContext+SaveTests.swift in Sources */ = {isa = PBXBuildFile; fileRef = 43C7C39C1F167498006399BD /* NSManagedObjectContext+SaveTests.swift */; };
		912D8C6E1DD634C200215F5A /* String+Module.swift in Sources */ = {isa = PBXBuildFile; fileRef = 912D8C6D1DD634C200215F5A /* String+Module.swift */; };
		912D8C6F1DD635B900215F5A /* String+Module.swift in Sources */ = {isa = PBXBuildFile; fileRef = 912D8C6D1DD634C200215F5A /* String+Module.swift */; };
/* End PBXBuildFile section */

/* Begin PBXContainerItemProxy section */
		438B0E0A1CAD66AE005F7AA9 /* PBXContainerItemProxy */ = {
			isa = PBXContainerItemProxy;
			containerPortal = 438B0DF51CAD66AE005F7AA9 /* Project object */;
			proxyType = 1;
			remoteGlobalIDString = 438B0DFD1CAD66AE005F7AA9;
			remoteInfo = CoreDataServices;
		};
/* End PBXContainerItemProxy section */

/* Begin PBXFileReference section */
		438B0DFE1CAD66AE005F7AA9 /* CoreDataServices.framework */ = {isa = PBXFileReference; explicitFileType = wrapper.framework; includeInIndex = 0; path = CoreDataServices.framework; sourceTree = BUILT_PRODUCTS_DIR; };
		438B0E011CAD66AE005F7AA9 /* CoreDataServices.h */ = {isa = PBXFileReference; lastKnownFileType = sourcecode.c.h; path = CoreDataServices.h; sourceTree = "<group>"; };
		438B0E081CAD66AE005F7AA9 /* CoreDataServicesTests.xctest */ = {isa = PBXFileReference; explicitFileType = wrapper.cfbundle; includeInIndex = 0; path = CoreDataServicesTests.xctest; sourceTree = BUILT_PRODUCTS_DIR; };
		438B0E0F1CAD66AE005F7AA9 /* Info.plist */ = {isa = PBXFileReference; lastKnownFileType = text.plist.xml; path = Info.plist; sourceTree = "<group>"; };
		438B0E1A1CAD66EA005F7AA9 /* ServiceManager.swift */ = {isa = PBXFileReference; fileEncoding = 4; lastKnownFileType = sourcecode.swift; path = ServiceManager.swift; sourceTree = "<group>"; };
		43B3B7871F091E980091232D /* NSManagedObjectContext+Save.swift */ = {isa = PBXFileReference; fileEncoding = 4; lastKnownFileType = sourcecode.swift; path = "NSManagedObjectContext+Save.swift"; sourceTree = "<group>"; };
		43BD3C6A1CAE70410026ADD5 /* NSEntityDescription+EntityDescription.swift */ = {isa = PBXFileReference; fileEncoding = 4; lastKnownFileType = sourcecode.swift; path = "NSEntityDescription+EntityDescription.swift"; sourceTree = "<group>"; };
		43BD3C6E1CAE70540026ADD5 /* NSFetchRequest+FetchRequest.swift */ = {isa = PBXFileReference; fileEncoding = 4; lastKnownFileType = sourcecode.swift; path = "NSFetchRequest+FetchRequest.swift"; sourceTree = "<group>"; };
		43BD3C721CAE72810026ADD5 /* NSManagedObjectContext+Count.swift */ = {isa = PBXFileReference; fileEncoding = 4; lastKnownFileType = sourcecode.swift; path = "NSManagedObjectContext+Count.swift"; sourceTree = "<group>"; };
		43BD3C771CAE75A80026ADD5 /* NSManagedObjectContext+Delete.swift */ = {isa = PBXFileReference; fileEncoding = 4; lastKnownFileType = sourcecode.swift; path = "NSManagedObjectContext+Delete.swift"; sourceTree = "<group>"; };
		43BD3C7B1CAE78C90026ADD5 /* NSManagedObjectContext+Retrieval.swift */ = {isa = PBXFileReference; fileEncoding = 4; lastKnownFileType = sourcecode.swift; path = "NSManagedObjectContext+Retrieval.swift"; sourceTree = "<group>"; };
		43BD3C7F1CAE85D10026ADD5 /* ServiceManagerTests.swift */ = {isa = PBXFileReference; fileEncoding = 4; lastKnownFileType = sourcecode.swift; path = ServiceManagerTests.swift; sourceTree = "<group>"; };
		43BD3C841CAE88770026ADD5 /* Model.xcdatamodel */ = {isa = PBXFileReference; lastKnownFileType = wrapper.xcdatamodel; path = Model.xcdatamodel; sourceTree = "<group>"; };
		43BD3C8E1CAEB6540026ADD5 /* NSEntityDescription+EntityDescriptionTests.swift */ = {isa = PBXFileReference; fileEncoding = 4; lastKnownFileType = sourcecode.swift; path = "NSEntityDescription+EntityDescriptionTests.swift"; sourceTree = "<group>"; };
		43BD3C911CAEB7C40026ADD5 /* Test.swift */ = {isa = PBXFileReference; fileEncoding = 4; lastKnownFileType = sourcecode.swift; path = Test.swift; sourceTree = "<group>"; };
		43BD3C951CAEBAAA0026ADD5 /* NSFetchRequest+FetchRequestTests.swift */ = {isa = PBXFileReference; fileEncoding = 4; lastKnownFileType = sourcecode.swift; path = "NSFetchRequest+FetchRequestTests.swift"; sourceTree = "<group>"; };
		43BD3C981CAEBC3E0026ADD5 /* NSManagedObjectContext+CountTests.swift */ = {isa = PBXFileReference; fileEncoding = 4; lastKnownFileType = sourcecode.swift; path = "NSManagedObjectContext+CountTests.swift"; sourceTree = "<group>"; };
		43BD3C9B1CAEBF420026ADD5 /* NSManagedObjectContext+DeleteTests.swift */ = {isa = PBXFileReference; fileEncoding = 4; lastKnownFileType = sourcecode.swift; path = "NSManagedObjectContext+DeleteTests.swift"; sourceTree = "<group>"; };
		43BD3C9E1CAEC20B0026ADD5 /* NSManagedObjectContext+RetrievalTests.swift */ = {isa = PBXFileReference; fileEncoding = 4; lastKnownFileType = sourcecode.swift; path = "NSManagedObjectContext+RetrievalTests.swift"; sourceTree = "<group>"; };
		43BD3CA01CAEC5FB0026ADD5 /* AdditionalTest+CoreDataProperties.swift */ = {isa = PBXFileReference; fileEncoding = 4; lastKnownFileType = sourcecode.swift; path = "AdditionalTest+CoreDataProperties.swift"; sourceTree = "<group>"; };
		43BD3CA11CAEC5FB0026ADD5 /* AdditionalTest.swift */ = {isa = PBXFileReference; fileEncoding = 4; lastKnownFileType = sourcecode.swift; path = AdditionalTest.swift; sourceTree = "<group>"; };
		43BD3CA41CAECB290026ADD5 /* Test+CoreDataProperties.swift */ = {isa = PBXFileReference; fileEncoding = 4; lastKnownFileType = sourcecode.swift; path = "Test+CoreDataProperties.swift"; sourceTree = "<group>"; };
		43C7C39C1F167498006399BD /* NSManagedObjectContext+SaveTests.swift */ = {isa = PBXFileReference; fileEncoding = 4; lastKnownFileType = sourcecode.swift; path = "NSManagedObjectContext+SaveTests.swift"; sourceTree = "<group>"; };
		912D8C6D1DD634C200215F5A /* String+Module.swift */ = {isa = PBXFileReference; fileEncoding = 4; lastKnownFileType = sourcecode.swift; path = "String+Module.swift"; sourceTree = "<group>"; };
		F40C75F51CAFE72800AF89CB /* Info.plist */ = {isa = PBXFileReference; fileEncoding = 4; lastKnownFileType = text.plist.xml; path = Info.plist; sourceTree = "<group>"; };
/* End PBXFileReference section */

/* Begin PBXFrameworksBuildPhase section */
		438B0DFA1CAD66AE005F7AA9 /* Frameworks */ = {
			isa = PBXFrameworksBuildPhase;
			buildActionMask = 2147483647;
			files = (
			);
			runOnlyForDeploymentPostprocessing = 0;
		};
		438B0E051CAD66AE005F7AA9 /* Frameworks */ = {
			isa = PBXFrameworksBuildPhase;
			buildActionMask = 2147483647;
			files = (
				438B0E091CAD66AE005F7AA9 /* CoreDataServices.framework in Frameworks */,
			);
			runOnlyForDeploymentPostprocessing = 0;
		};
/* End PBXFrameworksBuildPhase section */

/* Begin PBXGroup section */
		438B0DF41CAD66AE005F7AA9 = {
			isa = PBXGroup;
			children = (
				438B0E001CAD66AE005F7AA9 /* CoreDataServices */,
				438B0E0C1CAD66AE005F7AA9 /* CoreDataServicesTests */,
				438B0DFF1CAD66AE005F7AA9 /* Products */,
			);
			sourceTree = "<group>";
		};
		438B0DFF1CAD66AE005F7AA9 /* Products */ = {
			isa = PBXGroup;
			children = (
				438B0DFE1CAD66AE005F7AA9 /* CoreDataServices.framework */,
				438B0E081CAD66AE005F7AA9 /* CoreDataServicesTests.xctest */,
			);
			name = Products;
			sourceTree = "<group>";
		};
		438B0E001CAD66AE005F7AA9 /* CoreDataServices */ = {
			isa = PBXGroup;
			children = (
				438B0E011CAD66AE005F7AA9 /* CoreDataServices.h */,
				438B0E181CAD66DA005F7AA9 /* Manager */,
				438B0E191CAD66DA005F7AA9 /* Services */,
				F40C75F41CAFE72800AF89CB /* SupportingFiles */,
			);
			path = CoreDataServices;
			sourceTree = "<group>";
		};
		438B0E0C1CAD66AE005F7AA9 /* CoreDataServicesTests */ = {
			isa = PBXGroup;
			children = (
				438B0E0F1CAD66AE005F7AA9 /* Info.plist */,
				43BD3C7E1CAE85BF0026ADD5 /* Manager */,
				43BD3C8B1CAEB61C0026ADD5 /* Services */,
				43BD3C811CAE886C0026ADD5 /* SupportingFiles */,
			);
			path = CoreDataServicesTests;
			sourceTree = "<group>";
		};
		438B0E181CAD66DA005F7AA9 /* Manager */ = {
			isa = PBXGroup;
			children = (
				438B0E1A1CAD66EA005F7AA9 /* ServiceManager.swift */,
			);
			path = Manager;
			sourceTree = "<group>";
		};
		438B0E191CAD66DA005F7AA9 /* Services */ = {
			isa = PBXGroup;
			children = (
				43BD3C651CAE6CB00026ADD5 /* Core */,
				43BD3C711CAE72680026ADD5 /* Count */,
				43BD3C761CAE759B0026ADD5 /* Deletion */,
				43BD3C7A1CAE78B30026ADD5 /* Retrieval */,
				43B3B7861F091E5F0091232D /* Save */,
			);
			path = Services;
			sourceTree = "<group>";
		};
		43B3B7861F091E5F0091232D /* Save */ = {
			isa = PBXGroup;
			children = (
				43B3B7871F091E980091232D /* NSManagedObjectContext+Save.swift */,
			);
			path = Save;
			sourceTree = "<group>";
		};
		43BD3C651CAE6CB00026ADD5 /* Core */ = {
			isa = PBXGroup;
			children = (
				912D8C6C1DD634B200215F5A /* String */,
				43BD3C691CAE70410026ADD5 /* EntityDescription */,
				43BD3C6B1CAE70410026ADD5 /* FetchRequest */,
			);
			path = Core;
			sourceTree = "<group>";
		};
		43BD3C691CAE70410026ADD5 /* EntityDescription */ = {
			isa = PBXGroup;
			children = (
				43BD3C6A1CAE70410026ADD5 /* NSEntityDescription+EntityDescription.swift */,
			);
			path = EntityDescription;
			sourceTree = "<group>";
		};
		43BD3C6B1CAE70410026ADD5 /* FetchRequest */ = {
			isa = PBXGroup;
			children = (
				43BD3C6E1CAE70540026ADD5 /* NSFetchRequest+FetchRequest.swift */,
			);
			path = FetchRequest;
			sourceTree = "<group>";
		};
		43BD3C711CAE72680026ADD5 /* Count */ = {
			isa = PBXGroup;
			children = (
				43BD3C721CAE72810026ADD5 /* NSManagedObjectContext+Count.swift */,
			);
			path = Count;
			sourceTree = "<group>";
		};
		43BD3C761CAE759B0026ADD5 /* Deletion */ = {
			isa = PBXGroup;
			children = (
				43BD3C771CAE75A80026ADD5 /* NSManagedObjectContext+Delete.swift */,
			);
			path = Deletion;
			sourceTree = "<group>";
		};
		43BD3C7A1CAE78B30026ADD5 /* Retrieval */ = {
			isa = PBXGroup;
			children = (
				43BD3C7B1CAE78C90026ADD5 /* NSManagedObjectContext+Retrieval.swift */,
			);
			path = Retrieval;
			sourceTree = "<group>";
		};
		43BD3C7E1CAE85BF0026ADD5 /* Manager */ = {
			isa = PBXGroup;
			children = (
				43BD3C7F1CAE85D10026ADD5 /* ServiceManagerTests.swift */,
			);
			path = Manager;
			sourceTree = "<group>";
		};
		43BD3C811CAE886C0026ADD5 /* SupportingFiles */ = {
			isa = PBXGroup;
			children = (
				43BD3C821CAE886C0026ADD5 /* Model */,
			);
			path = SupportingFiles;
			sourceTree = "<group>";
		};
		43BD3C821CAE886C0026ADD5 /* Model */ = {
			isa = PBXGroup;
			children = (
				43BD3C861CAEB4AE0026ADD5 /* ManagedObjects */,
				43BD3C831CAE88770026ADD5 /* Model.xcdatamodeld */,
			);
			path = Model;
			sourceTree = "<group>";
		};
		43BD3C861CAEB4AE0026ADD5 /* ManagedObjects */ = {
			isa = PBXGroup;
			children = (
				43BD3CA11CAEC5FB0026ADD5 /* AdditionalTest.swift */,
				43BD3CA01CAEC5FB0026ADD5 /* AdditionalTest+CoreDataProperties.swift */,
				43BD3C911CAEB7C40026ADD5 /* Test.swift */,
				43BD3CA41CAECB290026ADD5 /* Test+CoreDataProperties.swift */,
			);
			path = ManagedObjects;
			sourceTree = "<group>";
		};
		43BD3C8B1CAEB61C0026ADD5 /* Services */ = {
			isa = PBXGroup;
			children = (
				43BD3C8C1CAEB6340026ADD5 /* Core */,
				43BD3C971CAEBBF10026ADD5 /* Count */,
				43BD3C9A1CAEBF250026ADD5 /* Deletion */,
				43BD3C9D1CAEC1FA0026ADD5 /* Retrieval */,
				43C7C39B1F16746C006399BD /* Save */,
			);
			path = Services;
			sourceTree = "<group>";
		};
		43BD3C8C1CAEB6340026ADD5 /* Core */ = {
			isa = PBXGroup;
			children = (
				43BD3C8D1CAEB6340026ADD5 /* EntityDescription */,
				43BD3C941CAEBA980026ADD5 /* FetchRequest */,
			);
			path = Core;
			sourceTree = "<group>";
		};
		43BD3C8D1CAEB6340026ADD5 /* EntityDescription */ = {
			isa = PBXGroup;
			children = (
				43BD3C8E1CAEB6540026ADD5 /* NSEntityDescription+EntityDescriptionTests.swift */,
			);
			path = EntityDescription;
			sourceTree = "<group>";
		};
		43BD3C941CAEBA980026ADD5 /* FetchRequest */ = {
			isa = PBXGroup;
			children = (
				43BD3C951CAEBAAA0026ADD5 /* NSFetchRequest+FetchRequestTests.swift */,
			);
			path = FetchRequest;
			sourceTree = "<group>";
		};
		43BD3C971CAEBBF10026ADD5 /* Count */ = {
			isa = PBXGroup;
			children = (
				43BD3C981CAEBC3E0026ADD5 /* NSManagedObjectContext+CountTests.swift */,
			);
			path = Count;
			sourceTree = "<group>";
		};
		43BD3C9A1CAEBF250026ADD5 /* Deletion */ = {
			isa = PBXGroup;
			children = (
				43BD3C9B1CAEBF420026ADD5 /* NSManagedObjectContext+DeleteTests.swift */,
			);
			path = Deletion;
			sourceTree = "<group>";
		};
		43BD3C9D1CAEC1FA0026ADD5 /* Retrieval */ = {
			isa = PBXGroup;
			children = (
				43BD3C9E1CAEC20B0026ADD5 /* NSManagedObjectContext+RetrievalTests.swift */,
			);
			path = Retrieval;
			sourceTree = "<group>";
		};
		43C7C39B1F16746C006399BD /* Save */ = {
			isa = PBXGroup;
			children = (
				43C7C39C1F167498006399BD /* NSManagedObjectContext+SaveTests.swift */,
			);
			path = Save;
			sourceTree = "<group>";
		};
		912D8C6C1DD634B200215F5A /* String */ = {
			isa = PBXGroup;
			children = (
				912D8C6D1DD634C200215F5A /* String+Module.swift */,
			);
			path = String;
			sourceTree = "<group>";
		};
		F40C75F41CAFE72800AF89CB /* SupportingFiles */ = {
			isa = PBXGroup;
			children = (
				F40C75F51CAFE72800AF89CB /* Info.plist */,
			);
			path = SupportingFiles;
			sourceTree = "<group>";
		};
/* End PBXGroup section */

/* Begin PBXHeadersBuildPhase section */
		438B0DFB1CAD66AE005F7AA9 /* Headers */ = {
			isa = PBXHeadersBuildPhase;
			buildActionMask = 2147483647;
			files = (
				438B0E021CAD66AE005F7AA9 /* CoreDataServices.h in Headers */,
			);
			runOnlyForDeploymentPostprocessing = 0;
		};
/* End PBXHeadersBuildPhase section */

/* Begin PBXNativeTarget section */
		438B0DFD1CAD66AE005F7AA9 /* CoreDataServices */ = {
			isa = PBXNativeTarget;
			buildConfigurationList = 438B0E121CAD66AE005F7AA9 /* Build configuration list for PBXNativeTarget "CoreDataServices" */;
			buildPhases = (
				438B0DF91CAD66AE005F7AA9 /* Sources */,
				438B0DFA1CAD66AE005F7AA9 /* Frameworks */,
				438B0DFB1CAD66AE005F7AA9 /* Headers */,
				438B0DFC1CAD66AE005F7AA9 /* Resources */,
			);
			buildRules = (
			);
			dependencies = (
			);
			name = CoreDataServices;
			productName = CoreDataServices;
			productReference = 438B0DFE1CAD66AE005F7AA9 /* CoreDataServices.framework */;
			productType = "com.apple.product-type.framework";
		};
		438B0E071CAD66AE005F7AA9 /* CoreDataServicesTests */ = {
			isa = PBXNativeTarget;
			buildConfigurationList = 438B0E151CAD66AE005F7AA9 /* Build configuration list for PBXNativeTarget "CoreDataServicesTests" */;
			buildPhases = (
				438B0E041CAD66AE005F7AA9 /* Sources */,
				438B0E051CAD66AE005F7AA9 /* Frameworks */,
				438B0E061CAD66AE005F7AA9 /* Resources */,
			);
			buildRules = (
			);
			dependencies = (
				438B0E0B1CAD66AE005F7AA9 /* PBXTargetDependency */,
			);
			name = CoreDataServicesTests;
			productName = CoreDataServicesTests;
			productReference = 438B0E081CAD66AE005F7AA9 /* CoreDataServicesTests.xctest */;
			productType = "com.apple.product-type.bundle.unit-test";
		};
/* End PBXNativeTarget section */

/* Begin PBXProject section */
		438B0DF51CAD66AE005F7AA9 /* Project object */ = {
			isa = PBXProject;
			attributes = {
				LastSwiftUpdateCheck = 0730;
				LastUpgradeCheck = 0900;
				ORGANIZATIONNAME = Boles;
				TargetAttributes = {
					438B0DFD1CAD66AE005F7AA9 = {
						CreatedOnToolsVersion = 7.3;
						LastSwiftMigration = 0900;
					};
					438B0E071CAD66AE005F7AA9 = {
						CreatedOnToolsVersion = 7.3;
						LastSwiftMigration = 0900;
					};
				};
			};
			buildConfigurationList = 438B0DF81CAD66AE005F7AA9 /* Build configuration list for PBXProject "CoreDataServices" */;
			compatibilityVersion = "Xcode 3.2";
			developmentRegion = English;
			hasScannedForEncodings = 0;
			knownRegions = (
				en,
			);
			mainGroup = 438B0DF41CAD66AE005F7AA9;
			productRefGroup = 438B0DFF1CAD66AE005F7AA9 /* Products */;
			projectDirPath = "";
			projectRoot = "";
			targets = (
				438B0DFD1CAD66AE005F7AA9 /* CoreDataServices */,
				438B0E071CAD66AE005F7AA9 /* CoreDataServicesTests */,
			);
		};
/* End PBXProject section */

/* Begin PBXResourcesBuildPhase section */
		438B0DFC1CAD66AE005F7AA9 /* Resources */ = {
			isa = PBXResourcesBuildPhase;
			buildActionMask = 2147483647;
			files = (
			);
			runOnlyForDeploymentPostprocessing = 0;
		};
		438B0E061CAD66AE005F7AA9 /* Resources */ = {
			isa = PBXResourcesBuildPhase;
			buildActionMask = 2147483647;
			files = (
			);
			runOnlyForDeploymentPostprocessing = 0;
		};
/* End PBXResourcesBuildPhase section */

/* Begin PBXSourcesBuildPhase section */
		438B0DF91CAD66AE005F7AA9 /* Sources */ = {
			isa = PBXSourcesBuildPhase;
			buildActionMask = 2147483647;
			files = (
				43B3B7881F091E980091232D /* NSManagedObjectContext+Save.swift in Sources */,
				912D8C6E1DD634C200215F5A /* String+Module.swift in Sources */,
				43BD3C6C1CAE70410026ADD5 /* NSEntityDescription+EntityDescription.swift in Sources */,
				43BD3C6F1CAE70540026ADD5 /* NSFetchRequest+FetchRequest.swift in Sources */,
				438B0E1B1CAD66EA005F7AA9 /* ServiceManager.swift in Sources */,
				43BD3C781CAE75A80026ADD5 /* NSManagedObjectContext+Delete.swift in Sources */,
				43BD3C731CAE72810026ADD5 /* NSManagedObjectContext+Count.swift in Sources */,
				43BD3C7C1CAE78C90026ADD5 /* NSManagedObjectContext+Retrieval.swift in Sources */,
			);
			runOnlyForDeploymentPostprocessing = 0;
		};
		438B0E041CAD66AE005F7AA9 /* Sources */ = {
			isa = PBXSourcesBuildPhase;
			buildActionMask = 2147483647;
			files = (
				43BD3C7D1CAE78C90026ADD5 /* NSManagedObjectContext+Retrieval.swift in Sources */,
				43BD3C8F1CAEB6540026ADD5 /* NSEntityDescription+EntityDescriptionTests.swift in Sources */,
				43BD3C961CAEBAAA0026ADD5 /* NSFetchRequest+FetchRequestTests.swift in Sources */,
				43BD3CA51CAECB290026ADD5 /* Test+CoreDataProperties.swift in Sources */,
				43BD3C741CAE72810026ADD5 /* NSManagedObjectContext+Count.swift in Sources */,
				43BD3C9F1CAEC20B0026ADD5 /* NSManagedObjectContext+RetrievalTests.swift in Sources */,
				43BD3C801CAE85D10026ADD5 /* ServiceManagerTests.swift in Sources */,
				43BD3CA31CAEC5FB0026ADD5 /* AdditionalTest.swift in Sources */,
				43BD3CA21CAEC5FB0026ADD5 /* AdditionalTest+CoreDataProperties.swift in Sources */,
				43BD3C6D1CAE70410026ADD5 /* NSEntityDescription+EntityDescription.swift in Sources */,
				43BD3C931CAEB7C40026ADD5 /* Test.swift in Sources */,
				43BD3C851CAE88770026ADD5 /* Model.xcdatamodeld in Sources */,
				43C7C39D1F167498006399BD /* NSManagedObjectContext+SaveTests.swift in Sources */,
				43BD3C9C1CAEBF420026ADD5 /* NSManagedObjectContext+DeleteTests.swift in Sources */,
				43BD3C701CAE70540026ADD5 /* NSFetchRequest+FetchRequest.swift in Sources */,
				43B3B78C1F0976E40091232D /* NSManagedObjectContext+Save.swift in Sources */,
				912D8C6F1DD635B900215F5A /* String+Module.swift in Sources */,
				43BD3C991CAEBC3E0026ADD5 /* NSManagedObjectContext+CountTests.swift in Sources */,
				43BD3C791CAE75A80026ADD5 /* NSManagedObjectContext+Delete.swift in Sources */,
				438B0E1C1CAD66EA005F7AA9 /* ServiceManager.swift in Sources */,
			);
			runOnlyForDeploymentPostprocessing = 0;
		};
/* End PBXSourcesBuildPhase section */

/* Begin PBXTargetDependency section */
		438B0E0B1CAD66AE005F7AA9 /* PBXTargetDependency */ = {
			isa = PBXTargetDependency;
			target = 438B0DFD1CAD66AE005F7AA9 /* CoreDataServices */;
			targetProxy = 438B0E0A1CAD66AE005F7AA9 /* PBXContainerItemProxy */;
		};
/* End PBXTargetDependency section */

/* Begin XCBuildConfiguration section */
		438B0E101CAD66AE005F7AA9 /* Debug */ = {
			isa = XCBuildConfiguration;
			buildSettings = {
				ALWAYS_SEARCH_USER_PATHS = NO;
				CLANG_ANALYZER_NONNULL = YES;
				CLANG_CXX_LANGUAGE_STANDARD = "gnu++0x";
				CLANG_CXX_LIBRARY = "libc++";
				CLANG_ENABLE_MODULES = YES;
				CLANG_ENABLE_OBJC_ARC = YES;
				CLANG_WARN_BLOCK_CAPTURE_AUTORELEASING = YES;
				CLANG_WARN_BOOL_CONVERSION = YES;
				CLANG_WARN_COMMA = YES;
				CLANG_WARN_CONSTANT_CONVERSION = YES;
				CLANG_WARN_DIRECT_OBJC_ISA_USAGE = YES_ERROR;
				CLANG_WARN_EMPTY_BODY = YES;
				CLANG_WARN_ENUM_CONVERSION = YES;
				CLANG_WARN_INFINITE_RECURSION = YES;
				CLANG_WARN_INT_CONVERSION = YES;
				CLANG_WARN_NON_LITERAL_NULL_CONVERSION = YES;
				CLANG_WARN_OBJC_LITERAL_CONVERSION = YES;
				CLANG_WARN_OBJC_ROOT_CLASS = YES_ERROR;
				CLANG_WARN_RANGE_LOOP_ANALYSIS = YES;
				CLANG_WARN_STRICT_PROTOTYPES = YES;
				CLANG_WARN_SUSPICIOUS_MOVE = YES;
				CLANG_WARN_UNREACHABLE_CODE = YES;
				CLANG_WARN__DUPLICATE_METHOD_MATCH = YES;
				"CODE_SIGN_IDENTITY[sdk=iphoneos*]" = "iPhone Developer";
				COPY_PHASE_STRIP = NO;
				CURRENT_PROJECT_VERSION = 1;
				DEBUG_INFORMATION_FORMAT = dwarf;
				ENABLE_STRICT_OBJC_MSGSEND = YES;
				ENABLE_TESTABILITY = YES;
				GCC_C_LANGUAGE_STANDARD = gnu99;
				GCC_DYNAMIC_NO_PIC = NO;
				GCC_NO_COMMON_BLOCKS = YES;
				GCC_OPTIMIZATION_LEVEL = 0;
				GCC_PREPROCESSOR_DEFINITIONS = (
					"DEBUG=1",
					"$(inherited)",
				);
				GCC_WARN_64_TO_32_BIT_CONVERSION = YES;
				GCC_WARN_ABOUT_RETURN_TYPE = YES_ERROR;
				GCC_WARN_UNDECLARED_SELECTOR = YES;
				GCC_WARN_UNINITIALIZED_AUTOS = YES_AGGRESSIVE;
				GCC_WARN_UNUSED_FUNCTION = YES;
				GCC_WARN_UNUSED_VARIABLE = YES;
				IPHONEOS_DEPLOYMENT_TARGET = 10.0;
				MTL_ENABLE_DEBUG_INFO = YES;
				ONLY_ACTIVE_ARCH = YES;
				SDKROOT = iphoneos;
				SWIFT_OPTIMIZATION_LEVEL = "-Onone";
				SWIFT_VERSION = 4.0;
				TARGETED_DEVICE_FAMILY = "1,2";
				VERSIONING_SYSTEM = "apple-generic";
				VERSION_INFO_PREFIX = "";
			};
			name = Debug;
		};
		438B0E111CAD66AE005F7AA9 /* Release */ = {
			isa = XCBuildConfiguration;
			buildSettings = {
				ALWAYS_SEARCH_USER_PATHS = NO;
				CLANG_ANALYZER_NONNULL = YES;
				CLANG_CXX_LANGUAGE_STANDARD = "gnu++0x";
				CLANG_CXX_LIBRARY = "libc++";
				CLANG_ENABLE_MODULES = YES;
				CLANG_ENABLE_OBJC_ARC = YES;
				CLANG_WARN_BLOCK_CAPTURE_AUTORELEASING = YES;
				CLANG_WARN_BOOL_CONVERSION = YES;
				CLANG_WARN_COMMA = YES;
				CLANG_WARN_CONSTANT_CONVERSION = YES;
				CLANG_WARN_DIRECT_OBJC_ISA_USAGE = YES_ERROR;
				CLANG_WARN_EMPTY_BODY = YES;
				CLANG_WARN_ENUM_CONVERSION = YES;
				CLANG_WARN_INFINITE_RECURSION = YES;
				CLANG_WARN_INT_CONVERSION = YES;
				CLANG_WARN_NON_LITERAL_NULL_CONVERSION = YES;
				CLANG_WARN_OBJC_LITERAL_CONVERSION = YES;
				CLANG_WARN_OBJC_ROOT_CLASS = YES_ERROR;
				CLANG_WARN_RANGE_LOOP_ANALYSIS = YES;
				CLANG_WARN_STRICT_PROTOTYPES = YES;
				CLANG_WARN_SUSPICIOUS_MOVE = YES;
				CLANG_WARN_UNREACHABLE_CODE = YES;
				CLANG_WARN__DUPLICATE_METHOD_MATCH = YES;
				"CODE_SIGN_IDENTITY[sdk=iphoneos*]" = "iPhone Developer";
				COPY_PHASE_STRIP = NO;
				CURRENT_PROJECT_VERSION = 1;
				DEBUG_INFORMATION_FORMAT = "dwarf-with-dsym";
				ENABLE_NS_ASSERTIONS = NO;
				ENABLE_STRICT_OBJC_MSGSEND = YES;
				GCC_C_LANGUAGE_STANDARD = gnu99;
				GCC_NO_COMMON_BLOCKS = YES;
				GCC_WARN_64_TO_32_BIT_CONVERSION = YES;
				GCC_WARN_ABOUT_RETURN_TYPE = YES_ERROR;
				GCC_WARN_UNDECLARED_SELECTOR = YES;
				GCC_WARN_UNINITIALIZED_AUTOS = YES_AGGRESSIVE;
				GCC_WARN_UNUSED_FUNCTION = YES;
				GCC_WARN_UNUSED_VARIABLE = YES;
				IPHONEOS_DEPLOYMENT_TARGET = 10.0;
				MTL_ENABLE_DEBUG_INFO = NO;
				SDKROOT = iphoneos;
				SWIFT_OPTIMIZATION_LEVEL = "-Owholemodule";
				SWIFT_VERSION = 4.0;
				TARGETED_DEVICE_FAMILY = "1,2";
				VALIDATE_PRODUCT = YES;
				VERSIONING_SYSTEM = "apple-generic";
				VERSION_INFO_PREFIX = "";
			};
			name = Release;
		};
		438B0E131CAD66AE005F7AA9 /* Debug */ = {
			isa = XCBuildConfiguration;
			buildSettings = {
				CLANG_ENABLE_MODULES = YES;
				"CODE_SIGN_IDENTITY[sdk=iphoneos*]" = "";
				DEFINES_MODULE = YES;
				DYLIB_COMPATIBILITY_VERSION = 1;
				DYLIB_CURRENT_VERSION = 1;
				DYLIB_INSTALL_NAME_BASE = "@rpath";
				INFOPLIST_FILE = CoreDataServices/SupportingFiles/Info.plist;
				INSTALL_PATH = "$(LOCAL_LIBRARY_DIR)/Frameworks";
				IPHONEOS_DEPLOYMENT_TARGET = 10.0;
				LD_RUNPATH_SEARCH_PATHS = "$(inherited) @executable_path/Frameworks @loader_path/Frameworks";
				PRODUCT_BUNDLE_IDENTIFIER = com.williamboles.CoreDataServices;
				PRODUCT_NAME = "$(TARGET_NAME)";
				SKIP_INSTALL = YES;
				SWIFT_OPTIMIZATION_LEVEL = "-Onone";
				SWIFT_SWIFT3_OBJC_INFERENCE = Default;
				SWIFT_VERSION = 4.0;
			};
			name = Debug;
		};
		438B0E141CAD66AE005F7AA9 /* Release */ = {
			isa = XCBuildConfiguration;
			buildSettings = {
				CLANG_ENABLE_MODULES = YES;
				"CODE_SIGN_IDENTITY[sdk=iphoneos*]" = "";
				DEFINES_MODULE = YES;
				DYLIB_COMPATIBILITY_VERSION = 1;
				DYLIB_CURRENT_VERSION = 1;
				DYLIB_INSTALL_NAME_BASE = "@rpath";
				INFOPLIST_FILE = CoreDataServices/SupportingFiles/Info.plist;
				INSTALL_PATH = "$(LOCAL_LIBRARY_DIR)/Frameworks";
				IPHONEOS_DEPLOYMENT_TARGET = 10.0;
				LD_RUNPATH_SEARCH_PATHS = "$(inherited) @executable_path/Frameworks @loader_path/Frameworks";
				PRODUCT_BUNDLE_IDENTIFIER = com.williamboles.CoreDataServices;
				PRODUCT_NAME = "$(TARGET_NAME)";
				SKIP_INSTALL = YES;
				SWIFT_SWIFT3_OBJC_INFERENCE = Default;
				SWIFT_VERSION = 4.0;
			};
			name = Release;
		};
		438B0E161CAD66AE005F7AA9 /* Debug */ = {
			isa = XCBuildConfiguration;
			buildSettings = {
				ALWAYS_EMBED_SWIFT_STANDARD_LIBRARIES = YES;
				INFOPLIST_FILE = CoreDataServicesTests/Info.plist;
				LD_RUNPATH_SEARCH_PATHS = "$(inherited) @executable_path/Frameworks @loader_path/Frameworks";
				PRODUCT_BUNDLE_IDENTIFIER = com.williamboles.CoreDataServicesTests;
				PRODUCT_NAME = "$(TARGET_NAME)";
				SWIFT_SWIFT3_OBJC_INFERENCE = Default;
				SWIFT_VERSION = 4.0;
			};
			name = Debug;
		};
		438B0E171CAD66AE005F7AA9 /* Release */ = {
			isa = XCBuildConfiguration;
			buildSettings = {
				ALWAYS_EMBED_SWIFT_STANDARD_LIBRARIES = YES;
				INFOPLIST_FILE = CoreDataServicesTests/Info.plist;
				LD_RUNPATH_SEARCH_PATHS = "$(inherited) @executable_path/Frameworks @loader_path/Frameworks";
				PRODUCT_BUNDLE_IDENTIFIER = com.williamboles.CoreDataServicesTests;
				PRODUCT_NAME = "$(TARGET_NAME)";
				SWIFT_SWIFT3_OBJC_INFERENCE = Default;
				SWIFT_VERSION = 4.0;
			};
			name = Release;
		};
/* End XCBuildConfiguration section */

/* Begin XCConfigurationList section */
		438B0DF81CAD66AE005F7AA9 /* Build configuration list for PBXProject "CoreDataServices" */ = {
			isa = XCConfigurationList;
			buildConfigurations = (
				438B0E101CAD66AE005F7AA9 /* Debug */,
				438B0E111CAD66AE005F7AA9 /* Release */,
			);
			defaultConfigurationIsVisible = 0;
			defaultConfigurationName = Release;
		};
		438B0E121CAD66AE005F7AA9 /* Build configuration list for PBXNativeTarget "CoreDataServices" */ = {
			isa = XCConfigurationList;
			buildConfigurations = (
				438B0E131CAD66AE005F7AA9 /* Debug */,
				438B0E141CAD66AE005F7AA9 /* Release */,
			);
			defaultConfigurationIsVisible = 0;
			defaultConfigurationName = Release;
		};
		438B0E151CAD66AE005F7AA9 /* Build configuration list for PBXNativeTarget "CoreDataServicesTests" */ = {
			isa = XCConfigurationList;
			buildConfigurations = (
				438B0E161CAD66AE005F7AA9 /* Debug */,
				438B0E171CAD66AE005F7AA9 /* Release */,
			);
			defaultConfigurationIsVisible = 0;
			defaultConfigurationName = Release;
		};
/* End XCConfigurationList section */

/* Begin XCVersionGroup section */
		43BD3C831CAE88770026ADD5 /* Model.xcdatamodeld */ = {
			isa = XCVersionGroup;
			children = (
				43BD3C841CAE88770026ADD5 /* Model.xcdatamodel */,
			);
			currentVersion = 43BD3C841CAE88770026ADD5 /* Model.xcdatamodel */;
			path = Model.xcdatamodeld;
			sourceTree = "<group>";
			versionGroupType = wrapper.xcdatamodel;
		};
/* End XCVersionGroup section */
	};
	rootObject = 438B0DF51CAD66AE005F7AA9 /* Project object */;
}
